
Microsoft Visual Studio Solution File, Format Version 12.00
# Visual Studio 2012
Project("{FAE04EC0-301F-11D3-BF4B-00C04F79EFBC}") = "SmallTest", "SmallTest.csproj", "{2C05AB2B-0454-4D23-979F-3E2C18750D79}"
EndProject
Project("{FAE04EC0-301F-11D3-BF4B-00C04F79EFBC}") = "SmallTest.iOS", "iOS\SmallTest.iOS.csproj", "{8216ADD3-FB84-4ABB-A205-A48952052236}"
EndProject
Project("{FAE04EC0-301F-11D3-BF4B-00C04F79EFBC}") = "SmallTest.Droid", "Droid\SmallTest.Droid.csproj", "{5C8638BD-1834-46E5-A4D5-D844507407D9}"
EndProject
Global
	GlobalSection(SolutionConfigurationPlatforms) = preSolution
		Debug|Any CPU = Debug|Any CPU
		Release|Any CPU = Release|Any CPU
		Debug|iPhoneSimulator = Debug|iPhoneSimulator
		Release|iPhone = Release|iPhone
		Release|iPhoneSimulator = Release|iPhoneSimulator
		Debug|iPhone = Debug|iPhone
	EndGlobalSection
	GlobalSection(ProjectConfigurationPlatforms) = postSolution
		{2C05AB2B-0454-4D23-979F-3E2C18750D79}.Debug|Any CPU.ActiveCfg = Debug|Any CPU
		{2C05AB2B-0454-4D23-979F-3E2C18750D79}.Debug|Any CPU.Build.0 = Debug|Any CPU
		{2C05AB2B-0454-4D23-979F-3E2C18750D79}.Release|Any CPU.ActiveCfg = Release|Any CPU
		{2C05AB2B-0454-4D23-979F-3E2C18750D79}.Release|Any CPU.Build.0 = Release|Any CPU
		{2C05AB2B-0454-4D23-979F-3E2C18750D79}.Debug|iPhoneSimulator.ActiveCfg = Debug|Any CPU
		{2C05AB2B-0454-4D23-979F-3E2C18750D79}.Debug|iPhoneSimulator.Build.0 = Debug|Any CPU
		{2C05AB2B-0454-4D23-979F-3E2C18750D79}.Release|iPhone.ActiveCfg = Release|Any CPU
		{2C05AB2B-0454-4D23-979F-3E2C18750D79}.Release|iPhone.Build.0 = Release|Any CPU
		{2C05AB2B-0454-4D23-979F-3E2C18750D79}.Release|iPhoneSimulator.ActiveCfg = Release|Any CPU
		{2C05AB2B-0454-4D23-979F-3E2C18750D79}.Release|iPhoneSimulator.Build.0 = Release|Any CPU
		{2C05AB2B-0454-4D23-979F-3E2C18750D79}.Debug|iPhone.ActiveCfg = Debug|Any CPU
		{2C05AB2B-0454-4D23-979F-3E2C18750D79}.Debug|iPhone.Build.0 = Debug|Any CPU
		{8216ADD3-FB84-4ABB-A205-A48952052236}.Debug|Any CPU.ActiveCfg = Debug|iPhoneSimulator
		{8216ADD3-FB84-4ABB-A205-A48952052236}.Debug|Any CPU.Build.0 = Debug|iPhoneSimulator
		{8216ADD3-FB84-4ABB-A205-A48952052236}.Release|Any CPU.ActiveCfg = Release|iPhone
		{8216ADD3-FB84-4ABB-A205-A48952052236}.Release|Any CPU.Build.0 = Release|iPhone
		{8216ADD3-FB84-4ABB-A205-A48952052236}.Debug|iPhoneSimulator.ActiveCfg = Debug|iPhoneSimulator
		{8216ADD3-FB84-4ABB-A205-A48952052236}.Debug|iPhoneSimulator.Build.0 = Debug|iPhoneSimulator
		{8216ADD3-FB84-4ABB-A205-A48952052236}.Release|iPhone.ActiveCfg = Release|iPhone
		{8216ADD3-FB84-4ABB-A205-A48952052236}.Release|iPhone.Build.0 = Release|iPhone
		{8216ADD3-FB84-4ABB-A205-A48952052236}.Release|iPhoneSimulator.ActiveCfg = Release|iPhoneSimulator
		{8216ADD3-FB84-4ABB-A205-A48952052236}.Release|iPhoneSimulator.Build.0 = Release|iPhoneSimulator
		{8216ADD3-FB84-4ABB-A205-A48952052236}.Debug|iPhone.ActiveCfg = Debug|iPhone
		{8216ADD3-FB84-4ABB-A205-A48952052236}.Debug|iPhone.Build.0 = Debug|iPhone
		{5C8638BD-1834-46E5-A4D5-D844507407D9}.Debug|Any CPU.ActiveCfg = Debug|Any CPU
		{5C8638BD-1834-46E5-A4D5-D844507407D9}.Debug|Any CPU.Build.0 = Debug|Any CPU
		{5C8638BD-1834-46E5-A4D5-D844507407D9}.Release|Any CPU.ActiveCfg = Release|Any CPU
		{5C8638BD-1834-46E5-A4D5-D844507407D9}.Release|Any CPU.Build.0 = Release|Any CPU
		{5C8638BD-1834-46E5-A4D5-D844507407D9}.Debug|iPhoneSimulator.ActiveCfg = Debug|Any CPU
		{5C8638BD-1834-46E5-A4D5-D844507407D9}.Debug|iPhoneSimulator.Build.0 = Debug|Any CPU
		{5C8638BD-1834-46E5-A4D5-D844507407D9}.Release|iPhone.ActiveCfg = Release|Any CPU
		{5C8638BD-1834-46E5-A4D5-D844507407D9}.Release|iPhone.Build.0 = Release|Any CPU
		{5C8638BD-1834-46E5-A4D5-D844507407D9}.Release|iPhoneSimulator.ActiveCfg = Release|Any CPU
		{5C8638BD-1834-46E5-A4D5-D844507407D9}.Release|iPhoneSimulator.Build.0 = Release|Any CPU
		{5C8638BD-1834-46E5-A4D5-D844507407D9}.Debug|iPhone.ActiveCfg = Debug|Any CPU
		{5C8638BD-1834-46E5-A4D5-D844507407D9}.Debug|iPhone.Build.0 = Debug|Any CPU
	EndGlobalSection
EndGlobal
